
Microsoft Visual Studio Solution File, Format Version 12.00
# Visual Studio Version 17
VisualStudioVersion = 17.7.34031.279
MinimumVisualStudioVersion = 10.0.40219.1
Project("{FAE04EC0-301F-11D3-BF4B-00C04F79EFBC}") = "Squares", "Squares\Squares.csproj", "{CCEB155A-1F97-4909-8033-334E18739037}"
EndProject
Project("{FAE04EC0-301F-11D3-BF4B-00C04F79EFBC}") = "TestProject1", "TestProject1\TestProject1.csproj", "{F2B34436-5985-4CA8-A423-D06F4502F3F3}"
EndProject
Global
	GlobalSection(SolutionConfigurationPlatforms) = preSolution
		Debug|Any CPU = Debug|Any CPU
		Release|Any CPU = Release|Any CPU
	EndGlobalSection
	GlobalSection(ProjectConfigurationPlatforms) = postSolution
		{CCEB155A-1F97-4909-8033-334E18739037}.Debug|Any CPU.ActiveCfg = Debug|Any CPU
		{CCEB155A-1F97-4909-8033-334E18739037}.Debug|Any CPU.Build.0 = Debug|Any CPU
		{CCEB155A-1F97-4909-8033-334E18739037}.Release|Any CPU.ActiveCfg = Release|Any CPU
		{CCEB155A-1F97-4909-8033-334E18739037}.Release|Any CPU.Build.0 = Release|Any CPU
		{F2B34436-5985-4CA8-A423-D06F4502F3F3}.Debug|Any CPU.ActiveCfg = Debug|Any CPU
		{F2B34436-5985-4CA8-A423-D06F4502F3F3}.Debug|Any CPU.Build.0 = Debug|Any CPU
		{F2B34436-5985-4CA8-A423-D06F4502F3F3}.Release|Any CPU.ActiveCfg = Release|Any CPU
		{F2B34436-5985-4CA8-A423-D06F4502F3F3}.Release|Any CPU.Build.0 = Release|Any CPU
	EndGlobalSection
	GlobalSection(SolutionProperties) = preSolution
		HideSolutionNode = FALSE
	EndGlobalSection
	GlobalSection(ExtensibilityGlobals) = postSolution
		SolutionGuid = {42FCE648-29E8-4AE3-9131-08C4B9C2F433}
	EndGlobalSection
EndGlobal
